
Microsoft Visual Studio Solution File, Format Version 12.00
# Visual Studio Version 17
VisualStudioVersion = 17.5.33627.172
MinimumVisualStudioVersion = 10.0.40219.1
Project("{FAE04EC0-301F-11D3-BF4B-00C04F79EFBC}") = "BenMabelProject.Web", "BenMabelProject.Web\BenMabelProject.Web.csproj", "{86A3902A-EA66-4925-A3CD-3A4DD53FDA03}"
EndProject
Project("{FAE04EC0-301F-11D3-BF4B-00C04F79EFBC}") = "BenMabelProject.Data", "BenMabelProject.Data\BenMabelProject.Data.csproj", "{86E0A0FF-B93A-475F-9090-98D08CFB225A}"
EndProject
Project("{FAE04EC0-301F-11D3-BF4B-00C04F79EFBC}") = "BenMabelProject.Entity", "BenMabelProject.Entity\BenMabelProject.Entity.csproj", "{915541EC-F344-4DE2-9778-ADAB5015081C}"
EndProject
Project("{FAE04EC0-301F-11D3-BF4B-00C04F79EFBC}") = "BenMabelProject.Core", "BenMabelProject.Core\BenMabelProject.Core.csproj", "{3E3B664F-9936-47EE-9042-B542CCEB5144}"
EndProject
Project("{FAE04EC0-301F-11D3-BF4B-00C04F79EFBC}") = "BenMabelProject.Services", "BenMabelProject.Services\BenMabelProject.Services.csproj", "{9670FE25-DC2B-4628-A0A4-8D941EC75D8A}"
EndProject
Global
	GlobalSection(SolutionConfigurationPlatforms) = preSolution
		Debug|Any CPU = Debug|Any CPU
		Release|Any CPU = Release|Any CPU
	EndGlobalSection
	GlobalSection(ProjectConfigurationPlatforms) = postSolution
		{86A3902A-EA66-4925-A3CD-3A4DD53FDA03}.Debug|Any CPU.ActiveCfg = Debug|Any CPU
		{86A3902A-EA66-4925-A3CD-3A4DD53FDA03}.Debug|Any CPU.Build.0 = Debug|Any CPU
		{86A3902A-EA66-4925-A3CD-3A4DD53FDA03}.Release|Any CPU.ActiveCfg = Release|Any CPU
		{86A3902A-EA66-4925-A3CD-3A4DD53FDA03}.Release|Any CPU.Build.0 = Release|Any CPU
		{86E0A0FF-B93A-475F-9090-98D08CFB225A}.Debug|Any CPU.ActiveCfg = Debug|Any CPU
		{86E0A0FF-B93A-475F-9090-98D08CFB225A}.Debug|Any CPU.Build.0 = Debug|Any CPU
		{86E0A0FF-B93A-475F-9090-98D08CFB225A}.Release|Any CPU.ActiveCfg = Release|Any CPU
		{86E0A0FF-B93A-475F-9090-98D08CFB225A}.Release|Any CPU.Build.0 = Release|Any CPU
		{915541EC-F344-4DE2-9778-ADAB5015081C}.Debug|Any CPU.ActiveCfg = Debug|Any CPU
		{915541EC-F344-4DE2-9778-ADAB5015081C}.Debug|Any CPU.Build.0 = Debug|Any CPU
		{915541EC-F344-4DE2-9778-ADAB5015081C}.Release|Any CPU.ActiveCfg = Release|Any CPU
		{915541EC-F344-4DE2-9778-ADAB5015081C}.Release|Any CPU.Build.0 = Release|Any CPU
		{3E3B664F-9936-47EE-9042-B542CCEB5144}.Debug|Any CPU.ActiveCfg = Debug|Any CPU
		{3E3B664F-9936-47EE-9042-B542CCEB5144}.Debug|Any CPU.Build.0 = Debug|Any CPU
		{3E3B664F-9936-47EE-9042-B542CCEB5144}.Release|Any CPU.ActiveCfg = Release|Any CPU
		{3E3B664F-9936-47EE-9042-B542CCEB5144}.Release|Any CPU.Build.0 = Release|Any CPU
		{9670FE25-DC2B-4628-A0A4-8D941EC75D8A}.Debug|Any CPU.ActiveCfg = Debug|Any CPU
		{9670FE25-DC2B-4628-A0A4-8D941EC75D8A}.Debug|Any CPU.Build.0 = Debug|Any CPU
		{9670FE25-DC2B-4628-A0A4-8D941EC75D8A}.Release|Any CPU.ActiveCfg = Release|Any CPU
		{9670FE25-DC2B-4628-A0A4-8D941EC75D8A}.Release|Any CPU.Build.0 = Release|Any CPU
	EndGlobalSection
	GlobalSection(SolutionProperties) = preSolution
		HideSolutionNode = FALSE
	EndGlobalSection
	GlobalSection(ExtensibilityGlobals) = postSolution
		SolutionGuid = {5EA288A9-27E3-4226-88A7-F877236CD3E0}
	EndGlobalSection
EndGlobal
